hash: 96b339f1fc95f3bd3e6196c0d4f0884e3e1ddbd844934d128274f67dc3478f41
updated: 2018-01-31T10:39:34.665918866-08:00
imports:
- name: github.com/golang/glog
  version: 23def4e6c14b4da8ac2ed8007337bc5eb5007998
- name: github.com/pkg/browser
  version: c90ca0c84f15f81c982e32665bffd8d7aac8f097
- name: github.com/satori/go.uuid
  version: 879c5887cd475cd7864858769793b2ceb0d44feb
- name: golang.org/x/crypto
  version: 1875d0a70c90e57f11972aefd42276df65e895b9
  subpackages:
  - ocsp
testImports: []
