github.com/Azure/azure-pipeline-go v0.2.3 h1:7U9HBg1JFK3jHl5qmo4CTZKFTVgMwdFHMVtCdfBE21U=
github.com/Azure/azure-pipeline-go v0.2.3/go.mod h1:x841ezTBIMG6O3lAcl8ATHnsOPVl2bqk7S3ta6S6u4k=
github.com/Azure/azure-storage-blob-go v0.13.0 h1:lgWHvFh+UYBNVQLFHXkvul2f6yOPA9PIH82RTG2cSwc=
github.com/Azure/azure-storage-blob-go v0.13.0/go.mod h1:pA9kNqtjUeQF2zOSu4s//nUdBD+e64lEuc4sVnuOfNs=
github.com/Azure/go-autorest v14.2.0+incompatible h1:V5VMDjClD3GiElqLWO7mz2MxNAK/vTfRHdAubSIPRgs=
github.com/Azure/go-autorest v14.2.0+incompatible/go.mod h1:r+4oMnoxhatjLLJ6zxSWATqVooLgysK6ZNox3g/xq24=
github.com/Azure/go-autorest/autorest/adal v0.9.2 h1:Aze/GQeAN1RRbGmnUJvUj+tFGBzFdIg3293/A9rbxC4=
github.com/Azure/go-autorest/autorest/adal v0.9.2/go.mod h1:/3SMAM86bP6wC9Ev35peQDUeqFZBMH07vvUOmg4z/fE=
github.com/Azure/go-autorest/autorest/date v0.3.0 h1:7gUk1U5M/CQbp9WoqinNzJar+8KY+LPI6wiWrP/myHw=
github.com/Azure/go-autorest/autorest/date v0.3.0/go.mod h1:BI0uouVdmngYNUzGWeSYnokU+TrmwEsOqdt8Y6sso74=
github.com/Azure/go-autorest/autorest/mocks v0.4.1 h1:K0laFcLE6VLTOwNgSxaGbUcLPuGXlNkbVvq4cW4nIHk=
github.com/Azure/go-autorest/autorest/mocks v0.4.1/go.mod h1:LTp+uSrOhSkaKrUy935gNZuuIPPVsHlr9DSOxSayd+k=
github.com/Azure/go-autorest/tracing v0.6.0 h1:TYi4+3m5t6K48TGI9AUdb+IzbnSxvnvUMfuitfgcfuo=
github.com/Azure/go-autorest/tracing v0.6.0/go.mod h1:+vhtPC754Xsa23ID7GlGsrdKBpUA79WCAKPPZVC2DeU=
github.com/apache/arrow/go/arrow v0.0.0-20200601151325-b2287a20f230 h1:5ultmol0yeX75oh1hY78uAFn3dupBQ/QUNxERCkiaUQ=
github.com/apache/arrow/go/arrow v0.0.0-20200601151325-b2287a20f230/go.mod h1:QNYViu/X0HXDHw7m3KXzWSVXIbfUvJqBFe6Gj8/pYA0=
github.com/aws/aws-sdk-go-v2 v1.3.2 h1:RQj8l98yKUm0UV2Wd3w/Ms+TXV9Rs1E6Kr5tRRMfyU4=
github.com/aws/aws-sdk-go-v2 v1.3.2/go.mod h1:7OaACgj2SX3XGWnrIjGlJM22h6yD6MEWKvm7levnnM8=
github.com/aws/aws-sdk-go-v2/config v1.1.5 h1:imDWOGwlIrRpHLallJ9mli2SIQ4egtGKtFUFsuGRIaQ=
github.com/aws/aws-sdk-go-v2/config v1.1.5/go.mod h1:P3F1hku7qzC81txjwXnwOM6Ex6ezkU6+/557Teyb64E=
github.com/aws/aws-sdk-go-v2/credentials v1.1.5 h1:R9v/eN5cXv5yMLC619xRYl5PgCSuy5SarizmM7+qqSA=
github.com/aws/aws-sdk-go-v2/credentials v1.1.5/go.mod h1:Ir1R6tPiR1/2y1hes8yOijFMz54hzSmgcmCDo6F45Qc=
github.com/aws/aws-sdk-go-v2/feature/ec2/imds v1.0.6 h1:zoOz5V56jO/rGixsCDnrQtAzYRYM2hGA/43U6jVMFbo=
github.com/aws/aws-sdk-go-v2/feature/ec2/imds v1.0.6/go.mod h1:0+fWMitrmIpENiY8/1DyhdYPUCAPvd9UNz9mtCsEoLQ=
github.com/aws/aws-sdk-go-v2/feature/s3/manager v1.1.2 h1:Doa5wabOIDA0XZzBX5yCTAPGwDCVZ8Ux0wh29AUDmN4=
github.com/aws/aws-sdk-go-v2/feature/s3/manager v1.1.2/go.mod h1:Azf567f5wBUfUbwpyJJnLM/geFFIzEulGR30L+nQZOE=
github.com/aws/aws-sdk-go-v2/service/internal/accept-encoding v1.0.4 h1:8yeByqOL6UWBsOOXsHnW93/ukwL66O008tRfxXxnTwA=
github.com/aws/aws-sdk-go-v2/service/internal/accept-encoding v1.0.4/go.mod h1:BCfU3Uo2fhKcMZFp9zU5QQGQxqWCOYmZ/27Dju3S/do=
github.com/aws/aws-sdk-go-v2/service/internal/presigned-url v1.0.6 h1:ldYIsOP4WyjdzW8t6RC/aSieajrlx+3UN3UCZy1KM5Y=
github.com/aws/aws-sdk-go-v2/service/internal/presigned-url v1.0.6/go.mod h1:L0KWr0ASo83PRZu9NaZaDsw3koS6PspKv137DMDZjHo=
github.com/aws/aws-sdk-go-v2/service/internal/s3shared v1.2.2 h1:aU8H58DoYxNo8R1TaSPTofkuxfQNnoqZmWL+G3+k/vA=
github.com/aws/aws-sdk-go-v2/service/internal/s3shared v1.2.2/go.mod h1:nnutjMLuna0s3GVY/MAkpLX03thyNER06gXvnMAPj5g=
github.com/aws/aws-sdk-go-v2/service/s3 v1.5.0 h1:VbwXUI3L0hyhVmrFxbDxrs6cBX8TNFX0YxCpooMNjvY=
github.com/aws/aws-sdk-go-v2/service/s3 v1.5.0/go.mod h1:uwA7gs93Qcss43astPUb1eq4RyceNmYWAQjZFDOAMLo=
github.com/aws/aws-sdk-go-v2/service/sso v1.1.5 h1:B7ec5wE4+3Ldkurmq0C4gfQFtElGTG+/iTpi/YPMzi4=
github.com/aws/aws-sdk-go-v2/service/sso v1.1.5/go.mod h1:bpGz0tidC4y39sZkQSkpO/J0tzWCMXHbw6FZ0j1GkWM=
github.com/aws/aws-sdk-go-v2/service/sts v1.2.2 h1:fKw6QSGcFlvZCBPYx3fo4sL0HfTmaT06ZtMHJfQQNQQ=
github.com/aws/aws-sdk-go-v2/service/sts v1.2.2/go.mod h1:ssRzzJ2RZOVuKj2Vx1YE7ypfil/BIlgmQnCSW4DistU=
github.com/aws/smithy-go v1.3.1 h1:xJFO4pK0y9J8fCl34uGsSJX5KNnGbdARDlA5BPhXnwE=
github.com/aws/smithy-go v1.3.1/go.mod h1:SObp3lf9smib00L/v3U2eAKG8FyQ7iLrJnQiAmR5n+E=
github.com/davecgh/go-spew v1.1.0/go.mod h1:J7Y8YcW2NihsgmVo/mv3lAwl/skON4iLHjSsI+c5H38=
github.com/davecgh/go-spew v1.1.1 h1:vj9j/u1bqnvCEfJOwUhtlOARqs3+rkHYY13jYWTU97c=
github.com/davecgh/go-spew v1.1.1/go.mod h1:J7Y8YcW2NihsgmVo/mv3lAwl/skON4iLHjSsI+c5H38=
github.com/dgrijalva/jwt-go v3.2.0+incompatible h1:7qlOGliEKZXTDg6OTjfoBKDXWrumCAMpl/TFQ4/5kLM=
github.com/dgrijalva/jwt-go v3.2.0+incompatible/go.mod h1:E3ru+11k8xSBh+hMPgOLZmtrrCbhqsmaPHjLKYnJCaQ=
github.com/form3tech-oss/jwt-go v3.2.2+incompatible h1:TcekIExNqud5crz4xD2pavyTgWiPvpYe4Xau31I0PRk=
github.com/form3tech-oss/jwt-go v3.2.2+incompatible/go.mod h1:pbq4aXjuKjdthFRnoDwaVPLA+WlJuPGy+QneDUgJi2k=
github.com/google/flatbuffers v1.11.0 h1:O7CEyB8Cb3/DmtxODGtLHcEvpr81Jm5qLg/hsHnxA2A=
github.com/google/flatbuffers v1.11.0/go.mod h1:1AeVuKshWv4vARoZatz6mlQ0JxURH0Kv5+zNeJKJCa8=
github.com/google/go-cmp v0.5.4 h1:L8R9j+yAqZuZjsqh/z+F1NCffTKKLShY6zXTItVIZ8M=
github.com/google/go-cmp v0.5.4/go.mod h1:v8dTdLbMG2kIc/vJvl+f65V22dbkXbowE6jgT/gNBxE=
github.com/google/uuid v1.1.1 h1:Gkbcsh/GbpXz7lPftLA3P6TYMwjCLYm83jiFQZF/3gY=
github.com/google/uuid v1.1.1/go.mod h1:TIyPZe4MgqvfeYDBFedMoGGpEw/LqOeaOT+nhxU+yHo=
github.com/jmespath/go-jmespath v0.4.0 h1:BEgLn5cpjn8UN1mAw4NjwDrS35OdebyEtFe+9YPoQUg=
github.com/jmespath/go-jmespath v0.4.0/go.mod h1:T8mJZnbsbmF+m6zOOFylbeCJqk5+pHWvzYPziyZiYoo=
github.com/jmespath/go-jmespath/internal/testify v1.5.1 h1:shLQSRRSCCPj3f2gpwzGwWFoC7ycTf1rcQZHOlsJ6N8=
github.com/jmespath/go-jmespath/internal/testify v1.5.1/go.mod h1:L3OGu8Wl2/fWfCI6z80xFu9LTZmf1ZRjMHUOPmWr69U=
github.com/kr/pty v1.1.1/go.mod h1:pFQYn66WHrOpPYNljwOMqo10TkYh1fy3cYio2l3bCsQ=
github.com/kr/text v0.1.0 h1:45sCR5RtlFHMR4UwH9sdQ5TC8v0qDQCHnXt+kaKSTVE=
github.com/kr/text v0.1.0/go.mod h1:4Jbv+DJW3UT/LiOwJeYQe1efqtUx/iVham/4vfdArNI=
github.com/mattn/go-ieproxy v0.0.1 h1:qiyop7gCflfhwCzGyeT0gro3sF9AIg9HU98JORTkqfI=
github.com/mattn/go-ieproxy v0.0.1/go.mod h1:pYabZ6IHcRpFh7vIaLfK7rdcWgFEb3SFJ6/gNWuh88E=
github.com/niemeyer/pretty v0.0.0-20200227124842-a10e7caefd8e h1:fD57ERR4JtEqsWbfPhv4DMiApHyliiK5xCTNVSPiaAs=
github.com/niemeyer/pretty v0.0.0-20200227124842-a10e7caefd8e/go.mod h1:zD1mROLANZcx1PVRCS0qkT7pwLkGfwJo4zjcN/Tysno=
github.com/pkg/browser v0.0.0-20180916011732-0a3d74bf9ce4 h1:49lOXmGaUpV9Fz3gd7TFZY106KVlPVa5jcYD1gaQf98=
github.com/pkg/browser v0.0.0-20180916011732-0a3d74bf9ce4/go.mod h1:4OwLy04Bl9Ef3GJJCoec+30X3LQs/0/m4HFRt/2LUSA=
github.com/pkg/errors v0.9.1 h1:FEBLx1zS214owpjy7qsBeixbURkuhQAwrK5UwLGTwt4=
github.com/pkg/errors v0.9.1/go.mod h1:bwawxfHBFNV+L2hUp1rHADufV3IMtnDRdf1r5NINEl0=
github.com/pmezard/go-difflib v1.0.0 h1:4DBwDE0NGyQoBHbLQYPwSUPoCMWR5BEzIk/f1lZbAQM=
github.com/pmezard/go-difflib v1.0.0/go.mod h1:iKH77koFhYxTK1pcRnkKkqfTogsbg7gZNVY4sRDYZ/4=
github.com/sirupsen/logrus v1.7.0 h1:ShrD1U9pZB12TX0cVy0DtePoCH97K8EtX+mg7ZARUtM=
github.com/sirupsen/logrus v1.7.0/go.mod h1:yWOB1SBYBC5VeMP7gHvWumXLIWorT60ONWic61uBYv0=
github.com/stretchr/objx v0.1.0/go.mod h1:HFkY916IF+rwdDfMAkV7OtwuqBVzrE8GR6GFx+wExME=
github.com/stretchr/testify v1.2.0/go.mod h1:a8OnRcib4nhh0OaRAV+Yts87kKdq0PP7pXfy6kDkUVs=
github.com/stretchr/testify v1.2.2 h1:bSDNvY7ZPG5RlJ8otE/7V6gMiyenm9RtJ7IUVIAoJ1w=
github.com/stretchr/testify v1.2.2/go.mod h1:a8OnRcib4nhh0OaRAV+Yts87kKdq0PP7pXfy6kDkUVs=
golang.org/x/crypto v0.0.0-20190308221718-c2843e01d9a2/go.mod h1:djNgcEr1/C05ACkg1iLfiJU5Ep61QUkGW8qpdssI0+w=
golang.org/x/crypto v0.0.0-20200622213623-75b288015ac9 h1:psW17arqaxU48Z5kZ0CQnkZWQJsqcURM6tKiBApRjXI=
golang.org/x/crypto v0.0.0-20200622213623-75b288015ac9/go.mod h1:LzIPMQfyMNhhGPhUkYOs5KpL4U8rLKemX1yGLhDgUto=
golang.org/x/net v0.0.0-20190404232315-eb5bcb51f2a3/go.mod h1:t9HGtf8HONx5eT2rtn7q6eTqICYqUVnKs3thJo3Qplg=
golang.org/x/net v0.0.0-20191112182307-2180aed22343 h1:00ohfJ4K98s3m6BGUoBd8nyfp4Yl0GoIKvw5abItTjI=
golang.org/x/net v0.0.0-20191112182307-2180aed22343/go.mod h1:z5CRVTTTmAJ677TzLLGU+0bjPO0LkuOLi4/5GtJWs/s=
golang.org/x/sys v0.0.0-20190215142949-d0b11bdaac8a/go.mod h1:STP8DvDyc/dI5b8T5hshtkjS+E42TnysNCUPdjciGhY=
golang.org/x/sys v0.0.0-20190412213103-97732733099d/go.mod h1:h1NjWce9XRLGQEsW7wpKNCjG9DtNlClVuFLEZdDNbEs=
golang.org/x/sys v0.0.0-20191026070338-33540a1f6037 h1:YyJpGZS1sBuBCzLAR1VEpK193GlqGZbnPFnPV/5Rsb4=
golang.org/x/sys v0.0.0-20191026070338-33540a1f6037/go.mod h1:h1NjWce9XRLGQEsW7wpKNCjG9DtNlClVuFLEZdDNbEs=
golang.org/x/sys v0.0.0-20191112214154-59a1497f0cea/go.mod h1:h1NjWce9XRLGQEsW7wpKNCjG9DtNlClVuFLEZdDNbEs=
golang.org/x/sys v0.0.0-20200828194041-157a740278f4/go.mod h1:h1NjWce9XRLGQEsW7wpKNCjG9DtNlClVuFLEZdDNbEs=
golang.org/x/sys v0.0.0-20210303074136-134d130e1a04 h1:cEhElsAv9LUt9ZUUocxzWe05oFLVd+AA2nstydTeI8g=
golang.org/x/sys v0.0.0-20210303074136-134d130e1a04/go.mod h1:h1NjWce9XRLGQEsW7wpKNCjG9DtNlClVuFLEZdDNbEs=
golang.org/x/text v0.3.0/go.mod h1:NqM8EUOU14njkJ3fqMW+pc6Ldnwhi/IjpwHt7yyuwOQ=
golang.org/x/text v0.3.2 h1:tW2bmiBqwgJj/UpqtC8EpXEZVYOwU0yG4iWbprSVAcs=
golang.org/x/text v0.3.2/go.mod h1:bEr9sfX3Q8Zfm5fL9x+3itogRgK3+ptLWKqgva+5dAk=
golang.org/x/tools v0.0.0-20180917221912-90fa682c2a6e/go.mod h1:n7NCudcB/nEzxVGmLbDWY5pfWTLqBcC2KZ6jyYvM4mQ=
golang.org/x/xerrors v0.0.0-20191204190536-9bdfabe68543 h1:E7g+9GITq07hpfrRu66IVDexMakfv52eLZ2CXBWiKr4=
golang.org/x/xerrors v0.0.0-20191204190536-9bdfabe68543/go.mod h1:I/5z698sn9Ka8TeJc9MKroUUfqBBauWjQqLJ2OPfmY0=
golang.org/x/xerrors v0.0.0-20200804184101-5ec99f83aff1 h1:go1bK/D/BFZV2I8cIQd1NKEZ+0owSTG1fDTci4IqFcE=
golang.org/x/xerrors v0.0.0-20200804184101-5ec99f83aff1/go.mod h1:I/5z698sn9Ka8TeJc9MKroUUfqBBauWjQqLJ2OPfmY0=
gopkg.in/check.v1 v0.0.0-20161208181325-20d25e280405/go.mod h1:Co6ibVJAznAaIkqp8huTwlJQCZ016jof/cbN4VW5Yz0=
gopkg.in/check.v1 v1.0.0-20200227125254-8fa46927fb4f h1:BLraFXnmrev5lT+xlilqcH8XK9/i0At2xKjWk4p6zsU=
gopkg.in/check.v1 v1.0.0-20200227125254-8fa46927fb4f/go.mod h1:Co6ibVJAznAaIkqp8huTwlJQCZ016jof/cbN4VW5Yz0=
gopkg.in/yaml.v2 v2.2.8 h1:obN1ZagJSUGI0Ek/LBmuj4SNLPfIny3KsKFopxRdj10=
gopkg.in/yaml.v2 v2.2.8/go.mod h1:hI93XBmqTisBFMUTm0b8Fm+jr3Dg1NNxqwp+5A1VGuI=
