github.com/99designs/go-keychain v0.0.0-20191008050251-8e49817e8af4 h1:/vQbFIOMbk2FiG/kXiLl8BRyzTWDw7gX/Hz7Dd5eDMs=
github.com/99designs/go-keychain v0.0.0-20191008050251-8e49817e8af4/go.mod h1:hN7oaIRCjzsZ2dE+yG5k+rsdt3qcwykqK6HVGcKwsw4=
github.com/99designs/keyring v1.2.2 h1:pZd3neh/EmUzWONb35LxQfvuY7kiSXAq3HQd97+XBn0=
github.com/99designs/keyring v1.2.2/go.mod h1:wes/FrByc8j7lFOAGLGSNEg8f/PaI3cgTBqhFkHUrPk=
github.com/Azure/azure-sdk-for-go/sdk/azcore v1.4.0 h1:rTnT/Jrcm+figWlYz4Ixzt0SJVR2cMC8lvZcimipiEY=
github.com/Azure/azure-sdk-for-go/sdk/azcore v1.4.0/go.mod h1:ON4tFdPTwRcgWEaVDrN3584Ef+b7GgSJaXxe5fW9t4M=
github.com/Azure/azure-sdk-for-go/sdk/azidentity v1.1.0 h1:QkAcEIAKbNL4KoFr4SathZPhDhF4mVwpBMFlYjyAqy8=
github.com/Azure/azure-sdk-for-go/sdk/internal v1.1.2 h1:+5VZ72z0Qan5Bog5C+ZkgSqUbeVUd9wgtHOrIKuc5b8=
github.com/Azure/azure-sdk-for-go/sdk/internal v1.1.2/go.mod h1:eWRD7oawr1Mu1sLCawqVc0CUiF43ia3qQMxLscsKQ9w=
github.com/Azure/azure-sdk-for-go/sdk/storage/azblob v1.0.0 h1:u/LLAOFgsMv7HmNL4Qufg58y+qElGOt5qv0z1mURkRY=
github.com/Azure/azure-sdk-for-go/sdk/storage/azblob v1.0.0/go.mod h1:2e8rMJtl2+2j+HXbTBwnyGpm5Nou7KhvSfxOq8JpTag=
github.com/AzureAD/microsoft-authentication-library-for-go v0.5.1 h1:BWe8a+f/t+7KY7zH2mqygeUD0t8hNFXe08p1Pb3/jKE=
github.com/JohnCGriffin/overflow v0.0.0-20211019200055-46fa312c352c h1:RGWPOewvKIROun94nF7v2cua9qP+thov/7M50KEoeSU=
github.com/JohnCGriffin/overflow v0.0.0-20211019200055-46fa312c352c/go.mod h1:X0CRv0ky0k6m906ixxpzmDRLvX58TFUKS2eePweuyxk=
github.com/apache/arrow/go/v15 v15.0.0 h1:1zZACWf85oEZY5/kd9dsQS7i+2G5zVQcbKTHgslqHNA=
github.com/apache/arrow/go/v15 v15.0.0/go.mod h1:DGXsR3ajT524njufqf95822i+KTh+yea1jass9YXgjA=
github.com/aws/aws-sdk-go-v2 v1.17.7 h1:CLSjnhJSTSogvqUGhIC6LqFKATMRexcxLZ0i/Nzk9Eg=
github.com/aws/aws-sdk-go-v2 v1.17.7/go.mod h1:uzbQtefpm44goOPmdKyAlXSNcwlRgF3ePWVW6EtJvvw=
github.com/aws/aws-sdk-go-v2/aws/protocol/eventstream v1.4.10 h1:dK82zF6kkPeCo8J1e+tGx4JdvDIQzj7ygIoLg8WMuGs=
github.com/aws/aws-sdk-go-v2/aws/protocol/eventstream v1.4.10/go.mod h1:VeTZetY5KRJLuD/7fkQXMU6Mw7H5m/KP2J5Iy9osMno=
github.com/aws/aws-sdk-go-v2/config v1.18.19 h1:AqFK6zFNtq4i1EYu+eC7lcKHYnZagMn6SW171la0bGw=
github.com/aws/aws-sdk-go-v2/config v1.18.19/go.mod h1:XvTmGMY8d52ougvakOv1RpiTLPz9dlG/OQHsKU/cMmY=
github.com/aws/aws-sdk-go-v2/credentials v1.13.18 h1:EQMdtHwz0ILTW1hoP+EwuWhwCG1hD6l3+RWFQABET4c=
github.com/aws/aws-sdk-go-v2/credentials v1.13.18/go.mod h1:vnwlwjIe+3XJPBYKu1et30ZPABG3VaXJYr8ryohpIyM=
github.com/aws/aws-sdk-go-v2/feature/ec2/imds v1.13.1 h1:gt57MN3liKiyGopcqgNzJb2+d9MJaKT/q1OksHNXVE4=
github.com/aws/aws-sdk-go-v2/feature/ec2/imds v1.13.1/go.mod h1:lfUx8puBRdM5lVVMQlwt2v+ofiG/X6Ms+dy0UkG/kXw=
github.com/aws/aws-sdk-go-v2/feature/s3/manager v1.11.59 h1:E3Y+OfzOK1+rmRo/K2G0ml8Vs+Xqk0kOnf4nS0kUtBc=
github.com/aws/aws-sdk-go-v2/feature/s3/manager v1.11.59/go.mod h1:1M4PLSBUVfBI0aP+C9XI7SM6kZPCGYyI6izWz0TGprE=
github.com/aws/aws-sdk-go-v2/internal/configsources v1.1.31 h1:sJLYcS+eZn5EeNINGHSCRAwUJMFVqklwkH36Vbyai7M=
github.com/aws/aws-sdk-go-v2/internal/configsources v1.1.31/go.mod h1:QT0BqUvX1Bh2ABdTGnjqEjvjzrCfIniM9Sc8zn9Yndo=
github.com/aws/aws-sdk-go-v2/internal/endpoints/v2 v2.4.25 h1:1mnRASEKnkqsntcxHaysxwgVoUUp5dkiB+l3llKnqyg=
github.com/aws/aws-sdk-go-v2/internal/endpoints/v2 v2.4.25/go.mod h1:zBHOPwhBc3FlQjQJE/D3IfPWiWaQmT06Vq9aNukDo0k=
github.com/aws/aws-sdk-go-v2/internal/ini v1.3.32 h1:p5luUImdIqywn6JpQsW3tq5GNOxKmOnEpybzPx+d1lk=
github.com/aws/aws-sdk-go-v2/internal/ini v1.3.32/go.mod h1:XGhIBZDEgfqmFIugclZ6FU7v75nHhBDtzuB4xB/tEi4=
github.com/aws/aws-sdk-go-v2/internal/v4a v1.0.23 h1:DWYZIsyqagnWL00f8M/SOr9fN063OEQWn9LLTbdYXsk=
github.com/aws/aws-sdk-go-v2/internal/v4a v1.0.23/go.mod h1:uIiFgURZbACBEQJfqTZPb/jxO7R+9LeoHUFudtIdeQI=
github.com/aws/aws-sdk-go-v2/service/internal/accept-encoding v1.9.11 h1:y2+VQzC6Zh2ojtV2LoC0MNwHWc6qXv/j2vrQtlftkdA=
github.com/aws/aws-sdk-go-v2/service/internal/accept-encoding v1.9.11/go.mod h1:iV4q2hsqtNECrfmlXyord9u4zyuFEJX9eLgLpSPzWA8=
github.com/aws/aws-sdk-go-v2/service/internal/checksum v1.1.26 h1:CeuSeq/8FnYpPtnuIeLQEEvDv9zUjneuYi8EghMBdwQ=
github.com/aws/aws-sdk-go-v2/service/internal/checksum v1.1.26/go.mod h1:2UqAAwMUXKeRkAHIlDJqvMVgOWkUi/AUXPk/YIe+Dg4=
github.com/aws/aws-sdk-go-v2/service/internal/presigned-url v1.9.25 h1:5LHn8JQ0qvjD9L9JhMtylnkcw7j05GDZqM9Oin6hpr0=
github.com/aws/aws-sdk-go-v2/service/internal/presigned-url v1.9.25/go.mod h1:/95IA+0lMnzW6XzqYJRpjjsAbKEORVeO0anQqjd2CNU=
github.com/aws/aws-sdk-go-v2/service/internal/s3shared v1.14.0 h1:e2ooMhpYGhDnBfSvIyusvAwX7KexuZaHbQY2Dyei7VU=
github.com/aws/aws-sdk-go-v2/service/internal/s3shared v1.14.0/go.mod h1:bh2E0CXKZsQN+faiKVqC40vfNMAWheoULBCnEgO9K+8=
github.com/aws/aws-sdk-go-v2/service/s3 v1.31.0 h1:B1G2pSPvbAtQjilPq+Y7jLIzCOwKzuVEl+aBBaNG0AQ=
github.com/aws/aws-sdk-go-v2/service/s3 v1.31.0/go.mod h1:ncltU6n4Nof5uJttDtcNQ537uNuwYqsZZQcpkd2/GUQ=
github.com/aws/aws-sdk-go-v2/service/sso v1.12.6 h1:5V7DWLBd7wTELVz5bPpwzYy/sikk0gsgZfj40X+l5OI=
github.com/aws/aws-sdk-go-v2/service/sso v1.12.6/go.mod h1:Y1VOmit/Fn6Tz1uFAeCO6Q7M2fmfXSCLeL5INVYsLuY=
github.com/aws/aws-sdk-go-v2/service/ssooidc v1.14.6 h1:B8cauxOH1W1v7rd8RdI/MWnoR4Ze0wIHWrb90qczxj4=
github.com/aws/aws-sdk-go-v2/service/ssooidc v1.14.6/go.mod h1:Lh/bc9XUf8CfOY6Jp5aIkQtN+j1mc+nExc+KXj9jx2s=
github.com/aws/aws-sdk-go-v2/service/sts v1.18.7 h1:bWNgNdRko2x6gqa0blfATqAZKZokPIeM1vfmQt2pnvM=
github.com/aws/aws-sdk-go-v2/service/sts v1.18.7/go.mod h1:JuTnSoeePXmMVe9G8NcjjwgOKEfZ4cOjMuT2IBT/2eI=
github.com/aws/smithy-go v1.13.5 h1:hgz0X/DX0dGqTYpGALqXJoRKRj5oQ7150i5FdTePzO8=
github.com/aws/smithy-go v1.13.5/go.mod h1:Tg+OJXh4MB2R/uN61Ko2f6hTZwB/ZYGOtib8J3gBHzA=
github.com/creack/pty v1.1.9/go.mod h1:oKZEueFk5CKHvIhNR5MUki03XCEU+Q6VDXinZuGJ33E=
github.com/danieljoos/wincred v1.1.2 h1:QLdCxFs1/Yl4zduvBdcHB8goaYk9RARS2SgLLRuAyr0=
github.com/danieljoos/wincred v1.1.2/go.mod h1:GijpziifJoIBfYh+S7BbkdUTU4LfM+QnGqR5Vl2tAx0=
github.com/davecgh/go-spew v1.1.0/go.mod h1:J7Y8YcW2NihsgmVo/mv3lAwl/skON4iLHjSsI+c5H38=
github.com/davecgh/go-spew v1.1.1 h1:vj9j/u1bqnvCEfJOwUhtlOARqs3+rkHYY13jYWTU97c=
github.com/davecgh/go-spew v1.1.1/go.mod h1:J7Y8YcW2NihsgmVo/mv3lAwl/skON4iLHjSsI+c5H38=
github.com/dnaeon/go-vcr v1.1.0 h1:ReYa/UBrRyQdant9B4fNHGoCNKw6qh6P0fsdGmZpR7c=
github.com/dvsekhvalnov/jose2go v1.6.0 h1:Y9gnSnP4qEI0+/uQkHvFXeD2PLPJeXEL+ySMEA2EjTY=
github.com/dvsekhvalnov/jose2go v1.6.0/go.mod h1:QsHjhyTlD/lAVqn/NSbVZmSCGeDehTB/mPZadG+mhXU=
github.com/gabriel-vasile/mimetype v1.4.2 h1:w5qFW6JKBz9Y393Y4q372O9A7cUSequkh1Q7OhCmWKU=
github.com/gabriel-vasile/mimetype v1.4.2/go.mod h1:zApsH/mKG4w07erKIaJPFiX0Tsq9BFQgN3qGY5GnNgA=
github.com/goccy/go-json v0.10.2 h1:CrxCmQqYDkv1z7lO7Wbh2HN93uovUHgrECaO5ZrCXAU=
github.com/goccy/go-json v0.10.2/go.mod h1:6MelG93GURQebXPDq3khkgXZkazVtN9CRI+MGFi0w8I=
github.com/godbus/dbus v0.0.0-20190726142602-4481cbc300e2 h1:ZpnhV/YsD2/4cESfV5+Hoeu/iUR3ruzNvZ+yQfO03a0=
github.com/godbus/dbus v0.0.0-20190726142602-4481cbc300e2/go.mod h1:bBOAhwG1umN6/6ZUMtDFBMQR8jRg9O75tm9K00oMsK4=
github.com/golang-jwt/jwt v3.2.1+incompatible h1:73Z+4BJcrTC+KczS6WvTPvRGOp1WmfEP4Q1lOd9Z/+c=
github.com/golang-jwt/jwt/v5 v5.2.1 h1:OuVbFODueb089Lh128TAcimifWaLhJwVflnrgM17wHk=
github.com/golang-jwt/jwt/v5 v5.2.1/go.mod h1:pqrtFR0X4osieyHYxtmOUWsAWrfe1Q5UVIyoH402zdk=
github.com/google/flatbuffers v23.5.26+incompatible h1:M9dgRyhJemaM4Sw8+66GHBu8ioaQmyPLg1b8VwK5WJg=
github.com/google/flatbuffers v23.5.26+incompatible/go.mod h1:1AeVuKshWv4vARoZatz6mlQ0JxURH0Kv5+zNeJKJCa8=
github.com/google/go-cmp v0.5.8/go.mod h1:17dUlkBOakJ0+DkrSSNjCkIjxS6bF9zb3elmeNGIjoY=
github.com/google/go-cmp v0.5.9 h1:O2Tfq5qg4qc4AmwVlvv0oLiVAGB7enBSJ2x2DqQFi38=
github.com/google/go-cmp v0.5.9/go.mod h1:17dUlkBOakJ0+DkrSSNjCkIjxS6bF9zb3elmeNGIjoY=
github.com/google/uuid v1.3.1 h1:KjJaJ9iWZ3jOFZIf1Lqf4laDRCasjl0BCmnEGxkdLb4=
github.com/gsterjov/go-libsecret v0.0.0-20161001094733-a6f4afe4910c h1:6rhixN/i8ZofjG1Y75iExal34USq5p+wiN1tpie8IrU=
github.com/gsterjov/go-libsecret v0.0.0-20161001094733-a6f4afe4910c/go.mod h1:NMPJylDgVpX0MLRlPy15sqSwOFv/U1GZ2m21JhFfek0=
github.com/jmespath/go-jmespath v0.4.0 h1:BEgLn5cpjn8UN1mAw4NjwDrS35OdebyEtFe+9YPoQUg=
github.com/jmespath/go-jmespath v0.4.0/go.mod h1:T8mJZnbsbmF+m6zOOFylbeCJqk5+pHWvzYPziyZiYoo=
github.com/jmespath/go-jmespath/internal/testify v1.5.1 h1:shLQSRRSCCPj3f2gpwzGwWFoC7ycTf1rcQZHOlsJ6N8=
github.com/jmespath/go-jmespath/internal/testify v1.5.1/go.mod h1:L3OGu8Wl2/fWfCI6z80xFu9LTZmf1ZRjMHUOPmWr69U=
github.com/klauspost/compress v1.16.7 h1:2mk3MPGNzKyxErAw8YaohYh69+pa4sIQSC0fPGCFR9I=
github.com/klauspost/compress v1.16.7/go.mod h1:ntbaceVETuRiXiv4DpjP66DpAtAGkEQskQzEyD//IeE=
github.com/klauspost/cpuid/v2 v2.2.5 h1:0E5MSMDEoAulmXNFquVs//DdoomxaoTY1kUhbc/qbZg=
github.com/klauspost/cpuid/v2 v2.2.5/go.mod h1:Lcz8mBdAVJIBVzewtcLocK12l3Y+JytZYpaMropDUws=
github.com/kr/pretty v0.2.1/go.mod h1:ipq/a2n7PKx3OHsz4KJII5eveXtPO4qwEXGdVfWzfnI=
github.com/kr/pretty v0.3.1 h1:flRD4NNwYAUpkphVc1HcthR4KEIFJ65n8Mw5qdRn3LE=
github.com/kr/pretty v0.3.1/go.mod h1:hoEshYVHaxMs3cyo3Yncou5ZscifuDolrwPKZanG3xk=
github.com/kr/pty v1.1.1/go.mod h1:pFQYn66WHrOpPYNljwOMqo10TkYh1fy3cYio2l3bCsQ=
github.com/kr/text v0.1.0/go.mod h1:4Jbv+DJW3UT/LiOwJeYQe1efqtUx/iVham/4vfdArNI=
github.com/kr/text v0.2.0 h1:5Nx0Ya0ZqY2ygV366QzturHI13Jq95ApcVaJBhpS+AY=
github.com/kr/text v0.2.0/go.mod h1:eLer722TekiGuMkidMxC/pM04lWEeraHUUmBw8l2grE=
github.com/kylelemons/godebug v1.1.0 h1:RPNrshWIDI6G2gRW9EHilWtl7Z6Sb1BR0xunSBf0SNc=
github.com/mtibben/percent v0.2.1 h1:5gssi8Nqo8QU/r2pynCm+hBQHpkB/uNK7BJCFogWdzs=
github.com/mtibben/percent v0.2.1/go.mod h1:KG9uO+SZkUp+VkRHsCdYQV3XSZrrSpR3O9ibNBTZrns=
github.com/niemeyer/pretty v0.0.0-20200227124842-a10e7caefd8e/go.mod h1:zD1mROLANZcx1PVRCS0qkT7pwLkGfwJo4zjcN/Tysno=
github.com/pierrec/lz4/v4 v4.1.18 h1:xaKrnTkyoqfh1YItXl56+6KJNVYWlEEPuAQW9xsplYQ=
github.com/pierrec/lz4/v4 v4.1.18/go.mod h1:gZWDp/Ze/IJXGXf23ltt2EXimqmTUXEy0GFuRQyBid4=
github.com/pkg/browser v0.0.0-20210911075715-681adbf594b8 h1:KoWmjvw+nsYOo29YJK9vDA65RGE3NrOnUtO7a+RF9HU=
github.com/pkg/browser v0.0.0-20210911075715-681adbf594b8/go.mod h1:HKlIX3XHQyzLZPlr7++PzdhaXEj94dEiJgZDTsxEqUI=
github.com/pkg/diff v0.0.0-20210226163009-20ebb0f2a09e/go.mod h1:pJLUxLENpZxwdsKMEsNbx1VGcRFpLqf3715MtcvvzbA=
github.com/pmezard/go-difflib v1.0.0 h1:4DBwDE0NGyQoBHbLQYPwSUPoCMWR5BEzIk/f1lZbAQM=
github.com/pmezard/go-difflib v1.0.0/go.mod h1:iKH77koFhYxTK1pcRnkKkqfTogsbg7gZNVY4sRDYZ/4=
github.com/rogpeppe/go-internal v1.9.0 h1:73kH8U+JUqXU8lRuOHeVHaa/SZPifC7BkcraZVejAe8=
github.com/rogpeppe/go-internal v1.9.0/go.mod h1:WtVeX8xhTBvf0smdhujwtBcq4Qrzq/fJaraNFVN+nFs=
github.com/sirupsen/logrus v1.9.0 h1:trlNQbNUG3OdDrDil03MCb1H2o9nJ1x4/5LYw7byDE0=
github.com/sirupsen/logrus v1.9.0/go.mod h1:naHLuLoDiP4jHNo9R0sCBMtWGeIprob74mVsIT4qYEQ=
github.com/stretchr/objx v0.1.0/go.mod h1:HFkY916IF+rwdDfMAkV7OtwuqBVzrE8GR6GFx+wExME=
github.com/stretchr/objx v0.5.0 h1:1zr/of2m5FGMsad5YfcqgdqdWrIhu+EBEJRhR1U7z/c=
github.com/stretchr/testify v1.7.0/go.mod h1:6Fq8oRcR53rry900zMqJjRRixrwX3KX962/h/Wwjteg=
github.com/stretchr/testify v1.8.4 h1:CcVxjf3Q8PM0mHUKJCdn+eZZtm5yQwehR5yeSVQQcUk=
github.com/zeebo/assert v1.3.0 h1:g7C04CbJuIDKNPFHmsk4hwZDO5O+kntRxzaUoNXj+IQ=
github.com/zeebo/xxh3 v1.0.2 h1:xZmwmqxHZA8AI603jOQ0tMqmBr9lPeFwGg6d+xy9DC0=
github.com/zeebo/xxh3 v1.0.2/go.mod h1:5NWz9Sef7zIDm2JHfFlcQvNekmcEl9ekUZQQKCYaDcA=
golang.org/x/crypto v0.17.0 h1:r8bRNjWL3GshPW3gkd+RpvzWrZAwPS49OmTGZ/uhM4k=
golang.org/x/crypto v0.17.0/go.mod h1:gCAAfMLgwOJRpTjQ2zCCt2OcSfYMTeZVSRtQlPC7Nq4=
golang.org/x/exp v0.0.0-20231006140011-7918f672742d h1:jtJma62tbqLibJ5sFQz8bKtEM8rJBtfilJ2qTU199MI=
golang.org/x/exp v0.0.0-20231006140011-7918f672742d/go.mod h1:ldy0pHrwJyGW56pPQzzkH36rKxoZW1tw7ZJpeKx+hdo=
golang.org/x/mod v0.13.0 h1:I/DsJXRlw/8l/0c24sM9yb0T4z9liZTduXvdAWYiysY=
golang.org/x/mod v0.13.0/go.mod h1:hTbmBsO62+eylJbnUtE2MGJUyE7QWk4xUqPFrRgJ+7c=
golang.org/x/net v0.18.0 h1:mIYleuAkSbHh0tCv7RvjL3F6ZVbLjq4+R7zbOn3Kokg=
golang.org/x/net v0.18.0/go.mod h1:/czyP5RqHAH4odGYxBJ1qz0+CE5WZ+2j1YgoEo8F2jQ=
golang.org/x/sync v0.4.0 h1:zxkM55ReGkDlKSM+Fu41A+zmbZuaPVbGMzvvdUPznYQ=
golang.org/x/sync v0.4.0/go.mod h1:FU7BRWz2tNW+3quACPkgCx/L+uEAv1htQ0V83Z9Rj+Y=
golang.org/x/sys v0.0.0-20210616045830-e2b7044e8c71/go.mod h1:oPkhp1MJrh7nUepCBck5+mAzfO9JrbApNNgaTdGDITg=
golang.org/x/sys v0.0.0-20210819135213-f52c844e1c1c/go.mod h1:oPkhp1MJrh7nUepCBck5+mAzfO9JrbApNNgaTdGDITg=
golang.org/x/sys v0.0.0-20220715151400-c0bba94af5f8/go.mod h1:oPkhp1MJrh7nUepCBck5+mAzfO9JrbApNNgaTdGDITg=
golang.org/x/sys v0.5.0/go.mod h1:oPkhp1MJrh7nUepCBck5+mAzfO9JrbApNNgaTdGDITg=
golang.org/x/sys v0.15.0 h1:h48lPFYpsTvQJZF4EKyI4aLHaev3CxivZmv7yZig9pc=
golang.org/x/sys v0.15.0/go.mod h1:/VUhepiaJMQUp4+oa/7Zr1D23ma6VTLIYjOOTFZPUcA=
golang.org/x/term v0.15.0 h1:y/Oo/a/q3IXu26lQgl04j/gjuBDOBlx7X6Om1j2CPW4=
golang.org/x/term v0.15.0/go.mod h1:BDl952bC7+uMoWR75FIrCDx79TPU9oHkTZ9yRbYOrX0=
golang.org/x/text v0.14.0 h1:ScX5w1eTa3QqT8oi6+ziP7dTV1S2+ALU0bI+0zXKWiQ=
golang.org/x/text v0.14.0/go.mod h1:18ZOQIKpY8NJVqYksKHtTdi31H5itFRjB5/qKTNYzSU=
golang.org/x/tools v0.14.0 h1:jvNa2pY0M4r62jkRQ6RwEZZyPcymeL9XZMLBbV7U2nc=
golang.org/x/tools v0.14.0/go.mod h1:uYBEerGOWcJyEORxN+Ek8+TT266gXkNlHdJBwexUsBg=
golang.org/x/xerrors v0.0.0-20220907171357-04be3eba64a2 h1:H2TDz8ibqkAF6YGhCdN3jS9O0/s90v0rJh3X/OLHEUk=
golang.org/x/xerrors v0.0.0-20220907171357-04be3eba64a2/go.mod h1:K8+ghG5WaK9qNqU5K3HdILfMLy1f3aNYFI/wnl100a8=
gonum.org/v1/gonum v0.12.0 h1:xKuo6hzt+gMav00meVPUlXwSdoEJP46BR+wdxQEFK2o=
gopkg.in/check.v1 v0.0.0-20161208181325-20d25e280405/go.mod h1:Co6ibVJAznAaIkqp8huTwlJQCZ016jof/cbN4VW5Yz0=
gopkg.in/check.v1 v1.0.0-20200902074654-038fdea0a05b/go.mod h1:Co6ibVJAznAaIkqp8huTwlJQCZ016jof/cbN4VW5Yz0=
gopkg.in/check.v1 v1.0.0-20201130134442-10cb98267c6c h1:Hei/4ADfdWqJk1ZMxUNpqntNwaWcugrBjAiHlqqRiVk=
gopkg.in/check.v1 v1.0.0-20201130134442-10cb98267c6c/go.mod h1:JHkPIbrfpd72SG/EVd6muEfDQjcINNoR0C8j2r3qZ4Q=
gopkg.in/yaml.v2 v2.2.8/go.mod h1:hI93XBmqTisBFMUTm0b8Fm+jr3Dg1NNxqwp+5A1VGuI=
gopkg.in/yaml.v2 v2.4.0 h1:D8xgwECY7CYvx+Y2n4sBz93Jn9JRvxdiyyo8CTfuKaY=
gopkg.in/yaml.v3 v3.0.0-20200313102051-9f266ea9e77c/go.mod h1:K4uyk7z7BCEPqu6E+C64Yfv1cQ7kz7rIZviUmN+EgEM=
gopkg.in/yaml.v3 v3.0.1 h1:fxVm/GzAzEWqLHuvctI91KS9hhNmmWOoWu0XTYJS7CA=
