# This file is autogenerated, do not edit; changes may be undone by the next 'dep ensure'.


[[projects]]
  digest = "1:76dc72490af7174349349838f2fe118996381b31ea83243812a97e5a0fd5ed55"
  name = "github.com/dgrijalva/jwt-go"
  packages = ["."]
  pruneopts = "UT"
  revision = "06ea1031745cb8b3dab3f6a236daf2b0aa468b7e"
  version = "v3.2.0"

[[projects]]
  digest = "1:6b98cc8ee2df9bbb5190f1cea00285ea625109667574d16853ba82eaf48d47fd"
  name = "github.com/golang/glog"
  packages = ["."]
  pruneopts = "UT"
  revision = "f5055e6f21ce71153a199e6460664045b3af8e50"
  source = "https://github.com/snowflakedb/glog.git"

[[projects]]
  digest = "1:236d7e1bdb50d8f68559af37dbcf9d142d56b431c9b2176d41e2a009b664cda8"
  name = "github.com/google/uuid"
  packages = ["."]
  pruneopts = "UT"
  revision = "9b3b1e0f5f99ae461456d768e7d301a7acdaa2d8"
  version = "v1.1.0"

[[projects]]
  digest = "1:e0b019ee3a64ce51eeb7e0097a372305ac8caf338e50adf8e4bf3b7ce928e132"
  name = "github.com/josharian/intern"
  packages = ["."]
  pruneopts = "UT"
  revision = "8e6ff32b3e7c0b018c43953085fe2ac330fe9acd"
  version = "v1.0.0"

[[projects]]
  branch = "master"
  digest = "1:04de52588628c22d00fbe2006c8642365d3f2ec48c4852fbea95a1bb3795991d"
  name = "github.com/mailru/easyjson"
  packages = [
    ".",
    "buffer",
    "jlexer",
    "jwriter",
  ]
  pruneopts = "UT"
  revision = "0d574ab354cd22dbdd807aadc26f8afe489bb35a"

[[projects]]
  branch = "master"
  digest = "1:635ac9478e783f09b2945663e359ebf74bc225b37f9845795d1b247285b458a2"
  name = "github.com/pkg/browser"
  packages = ["."]
  pruneopts = "UT"
  revision = "0a3d74bf9ce488f035cf5bc36f753a711bc74334"

[[projects]]
  branch = "master"
  digest = "1:f0abb2b9298d56ca77b7969af3ee589559e993cd03e8ecc622129f98b4462afd"
  name = "golang.org/x/crypto"
  packages = ["ocsp"]
  pruneopts = "UT"
  revision = "b8fe1690c61389d7d2a8074a507d1d40c5d30448"

[solve-meta]
  analyzer-name = "dep"
  analyzer-version = 1
  input-imports = [
    "github.com/dgrijalva/jwt-go",
    "github.com/golang/glog",
    "github.com/google/uuid",
    "github.com/mailru/easyjson",
    "github.com/mailru/easyjson/jlexer",
    "github.com/mailru/easyjson/jwriter",
    "github.com/pkg/browser",
    "golang.org/x/crypto/ocsp",
  ]
  solver-name = "gps-cdcl"
  solver-version = 1
