# This file is autogenerated, do not edit; changes may be undone by the next 'dep ensure'.


[[projects]]
  branch = "master"
  name = "github.com/golang/glog"
  packages = ["."]
  revision = "23def4e6c14b4da8ac2ed8007337bc5eb5007998"

[[projects]]
  name = "github.com/satori/go.uuid"
  packages = ["."]
  revision = "879c5887cd475cd7864858769793b2ceb0d44feb"
  version = "v1.1.0"

[[projects]]
  name = "golang.org/x/crypto"
  packages = ["ocsp"]
  revision = "04eae0b62feaaf659a0ce2c4e8dc70b6ae2fff67"

[solve-meta]
  analyzer-name = "dep"
  analyzer-version = 1
  inputs-digest = "2570c624d2d35f9af62aa2c6737a4b51f3292e650d760fac3a259f72faec837a"
  solver-name = "gps-cdcl"
  solver-version = 1
