# This file is autogenerated, do not edit; changes may be undone by the next 'dep ensure'.


[[projects]]
  branch = "master"
  name = "github.com/golang/glog"
  packages = ["."]
  revision = "23def4e6c14b4da8ac2ed8007337bc5eb5007998"

[[projects]]
  branch = "master"
  name = "github.com/pkg/browser"
  packages = ["."]
  revision = "c90ca0c84f15f81c982e32665bffd8d7aac8f097"

[[projects]]
  name = "github.com/satori/go.uuid"
  packages = ["."]
  revision = "f58768cc1a7a7e77a3bd49e98cdd21419399b6a3"
  version = "v1.2.0"

[[projects]]
  branch = "master"
  name = "golang.org/x/crypto"
  packages = ["ocsp"]
  revision = "91a49db82a88618983a78a06c1cbd4e00ab749ab"

[solve-meta]
  analyzer-name = "dep"
  analyzer-version = 1
  inputs-digest = "daa085229bed3ca26312969e7838cf1b67c4aeefecda0d45edcf594b0a6f94b6"
  solver-name = "gps-cdcl"
  solver-version = 1
